
Microsoft Visual Studio Solution File, Format Version 12.00
# Visual Studio Version 16
VisualStudioVersion = 16.0.30907.101
MinimumVisualStudioVersion = 10.0.40219.1
Project("{FAE04EC0-301F-11D3-BF4B-00C04F79EFBC}") = "MinesweeperForms", "MinesweeperForms\MinesweeperForms.csproj", "{912FDBA0-F273-4A9F-A69F-A18A116D7039}"
EndProject
Global
	GlobalSection(SolutionConfigurationPlatforms) = preSolution
		Debug|Any CPU = Debug|Any CPU
		Release|Any CPU = Release|Any CPU
	EndGlobalSection
	GlobalSection(ProjectConfigurationPlatforms) = postSolution
		{912FDBA0-F273-4A9F-A69F-A18A116D7039}.Debug|Any CPU.ActiveCfg = Debug|Any CPU
		{912FDBA0-F273-4A9F-A69F-A18A116D7039}.Debug|Any CPU.Build.0 = Debug|Any CPU
		{912FDBA0-F273-4A9F-A69F-A18A116D7039}.Release|Any CPU.ActiveCfg = Release|Any CPU
		{912FDBA0-F273-4A9F-A69F-A18A116D7039}.Release|Any CPU.Build.0 = Release|Any CPU
	EndGlobalSection
	GlobalSection(SolutionProperties) = preSolution
		HideSolutionNode = FALSE
	EndGlobalSection
	GlobalSection(ExtensibilityGlobals) = postSolution
		SolutionGuid = {24912310-7F32-481E-A4D2-635BC914FA5D}
	EndGlobalSection
EndGlobal
